{
  "nodes": {
    "crane": {
      "locked": {
        "lastModified": 1774313767,
        "narHash": "sha256-hy0XTQND6avzGEUFrJtYBBpFa/POiiaGBr2vpU6Y9tY=",
        "owner": "ipetkov",
        "repo": "crane",
        "rev": "3d9df76e29656c679c744968b17fbaf28f0e923d",
        "type": "github"
      },
      "original": {
        "owner": "ipetkov",
        "repo": "crane",
        "type": "github"
      }
    },
    "mimalloc-rs": {
      "inputs": {
        "nixpkgs": [
          "nixpkgs"
        ],
        "rust-overlay": "rust-overlay"
      },
      "locked": {
        "lastModified": 1788467328,
        "narHash": "sha256-KUvA356AauDVey8ZztPDgOIbqHXGr24/d+TbFj9QR/A=",
        "ref": "rust3write",
        "rev": "cb5ba10e7c91e00af0b87ead03bf23bc219be54c",
        "revCount": 4452,
        "type": "git",
        "url": "file:///home/luluco/code/mimalloc"
      },
      "original": {
        "ref": "rust3write",
        "type": "git",
        "url": "file:///home/luluco/code/mimalloc"
      }
    },
    "nixpkgs": {
      "locked": {
        "lastModified": 1788316716,
        "narHash": "sha256-bc7rSpXIdn9QWGNqfWcPZWOhEVF8NoeAZkWq0XWnf/k=",
        "owner": "NixOS",
        "repo": "nixpkgs",
        "rev": "3ed67ec0a4d3c7ab4ae1f04f8ee8df07bfa506a2",
        "type": "github"
      },
      "original": {
        "owner": "NixOS",
        "ref": "nixos-unstable",
        "repo": "nixpkgs",
        "type": "github"
      }
    },
    "root": {
      "inputs": {
        "mimalloc-rs": "mimalloc-rs",
        "nixpkgs": "nixpkgs",
        "rust-overlay": "rust-overlay_2",
        "wild": "wild"
      }
    },
    "rust-overlay": {
      "inputs": {
        "nixpkgs": [
          "mimalloc-rs",
          "nixpkgs"
        ]
      },
      "locked": {
        "lastModified": 1787993548,
        "narHash": "sha256-+IAEnmmx5YIhUWo0lp15jLLHchnXo5yKgWsi6C6Cf+0=",
        "owner": "oxalica",
        "repo": "rust-overlay",
        "rev": "996e9b0b019a4a9eb9e9a5641aefa06d801b5895",
        "type": "github"
      },
      "original": {
        "owner": "oxalica",
        "repo": "rust-overlay",
        "type": "github"
      }
    },
    "rust-overlay_2": {
      "inputs": {
        "nixpkgs": [
          "nixpkgs"
        ]
      },
      "locked": {
        "lastModified": 1788456718,
        "narHash": "sha256-TxHC0sBjV2pmsBLKAX02JTXlye/EOLt6Do+WNtGofGw=",
        "owner": "oxalica",
        "repo": "rust-overlay",
        "rev": "0b20a18e84d9164464739189c2b2a1b00f6f0e4b",
        "type": "github"
      },
      "original": {
        "owner": "oxalica",
        "repo": "rust-overlay",
        "type": "github"
      }
    },
    "wild": {
      "inputs": {
        "crane": "crane",
        "nixpkgs": [
          "nixpkgs"
        ]
      },
      "locked": {
        "lastModified": 1788475150,
        "narHash": "sha256-4Z10E9gtJBHIeihrHCRUc4au0S5VKr0BZF00CCW84+w=",
        "ref": "kernel-lto-incremental",
        "rev": "de1b1e378cd779a30a1e56c11b439a45a5ab93da",
        "revCount": 2542,
        "type": "git",
        "url": "file:///home/luluco/code/wild"
      },
      "original": {
        "ref": "kernel-lto-incremental",
        "type": "git",
        "url": "file:///home/luluco/code/wild"
      }
    }
  },
  "root": "root",
  "version": 7
}
